<?xml version="1.0" encoding="utf-8"?>
<Project ToolsVersion="4.0" xmlns="http://schemas.microsoft.com/developer/msbuild/2003">
  <ItemGroup>
    <Filter Include="Source Files">
      <UniqueIdentifier>{4FC737F1-C7A5-4376-A066-2A32D752A2FF}</UniqueIdentifier>
      <Extensions>cpp;c;cc;cxx;def;odl;idl;hpj;bat;asm;asmx</Extensions>
    </Filter>
    <Filter Include="Header Files">
      <UniqueIdentifier>{93995380-89BD-4b04-88EB-625FBE52EBFB}</UniqueIdentifier>
      <Extensions>h;hh;hpp;hxx;hm;inl;inc;ipp;xsd</Extensions>
    </Filter>
    <Filter Include="Resource Files">
      <UniqueIdentifier>{67DA6AB6-F800-4c08-8B7A-83BB121AAD01}</UniqueIdentifier>
      <Extensions>rc;ico;cur;bmp;dlg;rc2;rct;bin;rgs;gif;jpg;jpeg;jpe;resx;tiff;tif;png;wav;mfcribbon-ms</Extensions>
    </Filter>
    <Filter Include="Source Files\Items">
      <UniqueIdentifier>{d948256c-7ba5-463d-8e94-ba9a7be8a333}</UniqueIdentifier>
    </Filter>
    <Filter Include="Header Files\Items">
      <UniqueIdentifier>{bab2e9b1-2e4d-45b5-ad61-4c75a7cf5d1e}</UniqueIdentifier>
    </Filter>
    <Filter Include="Header Files\Inventory">
      <UniqueIdentifier>{e7eb049f-33c4-43e8-a494-6ca731362920}</UniqueIdentifier>
    </Filter>
    <Filter Include="Source Files\Enemy">
      <UniqueIdentifier>{342affd8-9cd7-49af-b28f-7a9a3dd0f69f}</UniqueIdentifier>
    </Filter>
    <Filter Include="Header Files\Enemy">
      <UniqueIdentifier>{ea36d758-9fa4-4fdb-ab9f-a23c5a8a6f5f}</UniqueIdentifier>
    </Filter>
    <Filter Include="Source Files\Inventory">
      <UniqueIdentifier>{1efca519-e890-4387-a75d-a7d068fa48a3}</UniqueIdentifier>
    </Filter>
    <Filter Include="Header Files\Character">
      <UniqueIdentifier>{f4018a62-6ed7-44ed-bb9b-45c152678f5d}</UniqueIdentifier>
    </Filter>
    <Filter Include="Source Files\Character">
      <UniqueIdentifier>{86d915f1-9efa-4562-8416-2db74924934a}</UniqueIdentifier>
    </Filter>
    <Filter Include="Header Files\Menu">
      <UniqueIdentifier>{66f79a1f-5509-43f5-ac08-d61c803ed70f}</UniqueIdentifier>
    </Filter>
    <Filter Include="Header Files\Menu\Shop">
      <UniqueIdentifier>{e178eaf8-a137-4274-b8c3-929964de7ef2}</UniqueIdentifier>
    </Filter>
    <Filter Include="Header Files\Menu\Arena">
      <UniqueIdentifier>{240b76f0-ced8-4d72-a483-cbad0a6c6502}</UniqueIdentifier>
    </Filter>
  </ItemGroup>
  <ItemGroup>
    <ClInclude Include="stdafx.h">
      <Filter>Header Files</Filter>
    </ClInclude>
    <ClInclude Include="targetver.h">
      <Filter>Header Files</Filter>
    </ClInclude>
    <ClInclude Include="TextGameSimon.h">
      <Filter>Header Files</Filter>
    </ClInclude>
    <ClInclude Include="Item.h">
      <Filter>Header Files\Items</Filter>
    </ClInclude>
    <ClInclude Include="Weapon.h">
      <Filter>Header Files\Items</Filter>
    </ClInclude>
    <ClInclude Include="Weapon_Vector.h">
      <Filter>Header Files\Items</Filter>
    </ClInclude>
    <ClInclude Include="Armor_Shop.h">
      <Filter>Header Files\Menu\Shop</Filter>
    </ClInclude>
    <ClInclude Include="Potion_Shop.h">
      <Filter>Header Files\Menu\Shop</Filter>
    </ClInclude>
    <ClInclude Include="Weapon_Shop.h">
      <Filter>Header Files\Menu\Shop</Filter>
    </ClInclude>
    <ClInclude Include="Armor.h">
      <Filter>Header Files\Items</Filter>
    </ClInclude>
    <ClInclude Include="Armor_Vector.h">
      <Filter>Header Files\Items</Filter>
    </ClInclude>
    <ClInclude Include="Inventory.h">
      <Filter>Header Files\Inventory</Filter>
    </ClInclude>
    <ClInclude Include="Enemy.h">
      <Filter>Header Files\Enemy</Filter>
    </ClInclude>
    <ClInclude Include="Character.h">
      <Filter>Header Files\Character</Filter>
    </ClInclude>
    <ClInclude Include="Equipment_Inventory.h">
      <Filter>Header Files\Inventory</Filter>
    </ClInclude>
    <ClInclude Include="Menu_Inventory.h">
      <Filter>Header Files\Menu</Filter>
    </ClInclude>
    <ClInclude Include="Menu_Shop.h">
      <Filter>Header Files\Menu\Shop</Filter>
    </ClInclude>
    <ClInclude Include="Menu_Main.h">
      <Filter>Header Files\Menu</Filter>
    </ClInclude>
    <ClInclude Include="Menu_Arena.h">
      <Filter>Header Files\Menu\Arena</Filter>
    </ClInclude>
    <ClInclude Include="Training.h">
      <Filter>Header Files\Menu\Arena</Filter>
    </ClInclude>
    <ClInclude Include="Fighting.h">
      <Filter>Header Files\Menu\Arena</Filter>
    </ClInclude>
    <ClInclude Include="..\..\..\..\..\..\Downloads\v3\Simon\TextGameSimon.v.2\TextGameSimon\Challenge_Enemy_Vector.h">
      <Filter>Header Files\Enemy</Filter>
    </ClInclude>
    <ClInclude Include="Potion.h">
      <Filter>Header Files\Items</Filter>
    </ClInclude>
    <ClInclude Include="Potion_Vector.h">
      <Filter>Header Files\Items</Filter>
    </ClInclude>
  </ItemGroup>
  <ItemGroup>
    <ClCompile Include="stdafx.cpp">
      <Filter>Source Files</Filter>
    </ClCompile>
    <ClCompile Include="TextGameSimon.cpp">
      <Filter>Source Files</Filter>
    </ClCompile>
    <ClCompile Include="Item.cpp">
      <Filter>Source Files\Items</Filter>
    </ClCompile>
    <ClCompile Include="Weapon.cpp">
      <Filter>Source Files\Items</Filter>
    </ClCompile>
    <ClCompile Include="Armor.cpp">
      <Filter>Source Files\Items</Filter>
    </ClCompile>
    <ClCompile Include="Enemy.cpp">
      <Filter>Source Files\Enemy</Filter>
    </ClCompile>
    <ClCompile Include="Inventory.cpp">
      <Filter>Source Files\Inventory</Filter>
    </ClCompile>
    <ClCompile Include="Character.cpp">
      <Filter>Source Files\Character</Filter>
    </ClCompile>
    <ClCompile Include="Equipment_Inventory.cpp">
      <Filter>Source Files\Inventory</Filter>
    </ClCompile>
    <ClCompile Include="Potion.cpp">
      <Filter>Source Files\Items</Filter>
    </ClCompile>
  </ItemGroup>
</Project>